
Microsoft Visual Studio Solution File, Format Version 12.00
# Visual Studio Version 17
VisualStudioVersion = 17.5.33627.172
MinimumVisualStudioVersion = 10.0.40219.1
Project("{FAE04EC0-301F-11D3-BF4B-00C04F79EFBC}") = "ukesoppgave_4", "ukesoppgave_4.csproj", "{DA64344F-533F-42D3-88A5-5542C7F552BF}"
EndProject
Project("{FAE04EC0-301F-11D3-BF4B-00C04F79EFBC}") = "ukesoppgave_4Test", "..\ukesoppgave_4Test\ukesoppgave_4Test.csproj", "{91A92FBE-3E9B-4BA6-8337-93FF676216F4}"
EndProject
Global
	GlobalSection(SolutionConfigurationPlatforms) = preSolution
		Debug|Any CPU = Debug|Any CPU
		Release|Any CPU = Release|Any CPU
	EndGlobalSection
	GlobalSection(ProjectConfigurationPlatforms) = postSolution
		{DA64344F-533F-42D3-88A5-5542C7F552BF}.Debug|Any CPU.ActiveCfg = Debug|Any CPU
		{DA64344F-533F-42D3-88A5-5542C7F552BF}.Debug|Any CPU.Build.0 = Debug|Any CPU
		{DA64344F-533F-42D3-88A5-5542C7F552BF}.Release|Any CPU.ActiveCfg = Release|Any CPU
		{DA64344F-533F-42D3-88A5-5542C7F552BF}.Release|Any CPU.Build.0 = Release|Any CPU
		{91A92FBE-3E9B-4BA6-8337-93FF676216F4}.Debug|Any CPU.ActiveCfg = Debug|Any CPU
		{91A92FBE-3E9B-4BA6-8337-93FF676216F4}.Debug|Any CPU.Build.0 = Debug|Any CPU
		{91A92FBE-3E9B-4BA6-8337-93FF676216F4}.Release|Any CPU.ActiveCfg = Release|Any CPU
		{91A92FBE-3E9B-4BA6-8337-93FF676216F4}.Release|Any CPU.Build.0 = Release|Any CPU
	EndGlobalSection
	GlobalSection(SolutionProperties) = preSolution
		HideSolutionNode = FALSE
	EndGlobalSection
	GlobalSection(ExtensibilityGlobals) = postSolution
		SolutionGuid = {30E9691C-BAED-4D3F-927E-90A2C5DACFD5}
	EndGlobalSection
EndGlobal
